
Microsoft Visual Studio Solution File, Format Version 12.00
# Visual Studio Version 16
VisualStudioVersion = 16.0.29609.76
MinimumVisualStudioVersion = 10.0.40219.1
Project("{FAE04EC0-301F-11D3-BF4B-00C04F79EFBC}") = "MoveMe", "MoveMe.csproj", "{66D3F357-CCEA-48E2-BF6B-9CA26C206D96}"
EndProject
Global
	GlobalSection(SolutionConfigurationPlatforms) = preSolution
		Debug|Any CPU = Debug|Any CPU
		Release|Any CPU = Release|Any CPU
	EndGlobalSection
	GlobalSection(ProjectConfigurationPlatforms) = postSolution
		{66D3F357-CCEA-48E2-BF6B-9CA26C206D96}.Debug|Any CPU.ActiveCfg = Debug|Any CPU
		{66D3F357-CCEA-48E2-BF6B-9CA26C206D96}.Debug|Any CPU.Build.0 = Debug|Any CPU
		{66D3F357-CCEA-48E2-BF6B-9CA26C206D96}.Release|Any CPU.ActiveCfg = Release|Any CPU
		{66D3F357-CCEA-48E2-BF6B-9CA26C206D96}.Release|Any CPU.Build.0 = Release|Any CPU
	EndGlobalSection
	GlobalSection(SolutionProperties) = preSolution
		HideSolutionNode = FALSE
	EndGlobalSection
	GlobalSection(ExtensibilityGlobals) = postSolution
		SolutionGuid = {70556069-5F3B-404F-8EF7-550507A3656A}
	EndGlobalSection
EndGlobal
